
Microsoft Visual Studio Solution File, Format Version 12.00
# Visual Studio Version 17
VisualStudioVersion = 17.2.32519.379
MinimumVisualStudioVersion = 10.0.40219.1
Project("{FAE04EC0-301F-11D3-BF4B-00C04F79EFBC}") = "Combinatorics", "Combinatorics\Combinatorics.csproj", "{51F82E0C-18D2-4F8A-A834-237928D3E45C}"
EndProject
Global
	GlobalSection(SolutionConfigurationPlatforms) = preSolution
		Debug|Any CPU = Debug|Any CPU
		Release|Any CPU = Release|Any CPU
	EndGlobalSection
	GlobalSection(ProjectConfigurationPlatforms) = postSolution
		{51F82E0C-18D2-4F8A-A834-237928D3E45C}.Debug|Any CPU.ActiveCfg = Debug|Any CPU
		{51F82E0C-18D2-4F8A-A834-237928D3E45C}.Debug|Any CPU.Build.0 = Debug|Any CPU
		{51F82E0C-18D2-4F8A-A834-237928D3E45C}.Release|Any CPU.ActiveCfg = Release|Any CPU
		{51F82E0C-18D2-4F8A-A834-237928D3E45C}.Release|Any CPU.Build.0 = Release|Any CPU
	EndGlobalSection
	GlobalSection(SolutionProperties) = preSolution
		HideSolutionNode = FALSE
	EndGlobalSection
	GlobalSection(ExtensibilityGlobals) = postSolution
		SolutionGuid = {B4632A45-6A4D-47CB-9DC5-88EF8FE758C0}
	EndGlobalSection
EndGlobal
